// !$*UTF8*$!
{
	archiveVersion = 1;
	classes = {
	};
	objectVersion = 56;
	objects = {

/* Begin PBXBuildFile section */
		3B1A0D3F2B204BBD00EC6DE1 /* DataService.swift in Sources */ = {isa = PBXBuildFile; fileRef = 3B1A0D3E2B204BBD00EC6DE1 /* DataService.swift */; };
		3B1A0D442B215CF800EC6DE1 /* BusinessSearch.swift in Sources */ = {isa = PBXBuildFile; fileRef = 3B1A0D432B215CF800EC6DE1 /* BusinessSearch.swift */; };
		3BA9E7E72B20256F0061CC29 /* CitySights_AppApp.swift in Sources */ = {isa = PBXBuildFile; fileRef = 3BA9E7E62B20256F0061CC29 /* CitySights_AppApp.swift */; };
		3BA9E7E92B20256F0061CC29 /* ContentView.swift in Sources */ = {isa = PBXBuildFile; fileRef = 3BA9E7E82B20256F0061CC29 /* ContentView.swift */; };
		3BA9E7EB2B2025700061CC29 /* Assets.xcassets in Resources */ = {isa = PBXBuildFile; fileRef = 3BA9E7EA2B2025700061CC29 /* Assets.xcassets */; };
		3BA9E7EE2B2025700061CC29 /* Preview Assets.xcassets in Resources */ = {isa = PBXBuildFile; fileRef = 3BA9E7ED2B2025700061CC29 /* Preview Assets.xcassets */; };
		3BAE65E52B2801CD000E0C21 /* TextHelper.swift in Sources */ = {isa = PBXBuildFile; fileRef = 3BAE65E42B2801CD000E0C21 /* TextHelper.swift */; };
		3BAE65E72B2805CC000E0C21 /* BusinessDetailView.swift in Sources */ = {isa = PBXBuildFile; fileRef = 3BAE65E62B2805CC000E0C21 /* BusinessDetailView.swift */; };
/* End PBXBuildFile section */

/* Begin PBXFileReference section */
		3B1A0D3E2B204BBD00EC6DE1 /* DataService.swift */ = {isa = PBXFileReference; lastKnownFileType = sourcecode.swift; path = DataService.swift; sourceTree = "<group>"; };
		3B1A0D402B2050C500EC6DE1 /* Config.xcconfig */ = {isa = PBXFileReference; lastKnownFileType = text.xcconfig; name = Config.xcconfig; path = ../Config.xcconfig; sourceTree = "<group>"; };
		3B1A0D412B20516F00EC6DE1 /* CitySights-App-Info.plist */ = {isa = PBXFileReference; lastKnownFileType = text.plist; path = "CitySights-App-Info.plist"; sourceTree = SOURCE_ROOT; };
		3B1A0D432B215CF800EC6DE1 /* BusinessSearch.swift */ = {isa = PBXFileReference; lastKnownFileType = sourcecode.swift; path = BusinessSearch.swift; sourceTree = "<group>"; };
		3BA9E7E32B20256F0061CC29 /* CitySights App.app */ = {isa = PBXFileReference; explicitFileType = wrapper.application; includeInIndex = 0; path = "CitySights App.app"; sourceTree = BUILT_PRODUCTS_DIR; };
		3BA9E7E62B20256F0061CC29 /* CitySights_AppApp.swift */ = {isa = PBXFileReference; lastKnownFileType = sourcecode.swift; path = CitySights_AppApp.swift; sourceTree = "<group>"; };
		3BA9E7E82B20256F0061CC29 /* ContentView.swift */ = {isa = PBXFileReference; lastKnownFileType = sourcecode.swift; path = ContentView.swift; sourceTree = "<group>"; };
		3BA9E7EA2B2025700061CC29 /* Assets.xcassets */ = {isa = PBXFileReference; lastKnownFileType = folder.assetcatalog; path = Assets.xcassets; sourceTree = "<group>"; };
		3BA9E7ED2B2025700061CC29 /* Preview Assets.xcassets */ = {isa = PBXFileReference; lastKnownFileType = folder.assetcatalog; path = "Preview Assets.xcassets"; sourceTree = "<group>"; };
		3BAE65E42B2801CD000E0C21 /* TextHelper.swift */ = {isa = PBXFileReference; lastKnownFileType = sourcecode.swift; path = TextHelper.swift; sourceTree = "<group>"; };
		3BAE65E62B2805CC000E0C21 /* BusinessDetailView.swift */ = {isa = PBXFileReference; lastKnownFileType = sourcecode.swift; path = BusinessDetailView.swift; sourceTree = "<group>"; };
/* End PBXFileReference section */

/* Begin PBXFrameworksBuildPhase section */
		3BA9E7E02B20256F0061CC29 /* Frameworks */ = {
			isa = PBXFrameworksBuildPhase;
			buildActionMask = 2147483647;
			files = (
			);
			runOnlyForDeploymentPostprocessing = 0;
		};
/* End PBXFrameworksBuildPhase section */

/* Begin PBXGroup section */
		3B1A0D422B215CE700EC6DE1 /* Models */ = {
			isa = PBXGroup;
			children = (
				3B1A0D432B215CF800EC6DE1 /* BusinessSearch.swift */,
			);
			path = Models;
			sourceTree = "<group>";
		};
		3BA9E7DA2B20256F0061CC29 = {
			isa = PBXGroup;
			children = (
				3BA9E7E52B20256F0061CC29 /* CitySights App */,
				3BA9E7E42B20256F0061CC29 /* Products */,
			);
			sourceTree = "<group>";
		};
		3BA9E7E42B20256F0061CC29 /* Products */ = {
			isa = PBXGroup;
			children = (
				3BA9E7E32B20256F0061CC29 /* CitySights App.app */,
			);
			name = Products;
			sourceTree = "<group>";
		};
		3BA9E7E52B20256F0061CC29 /* CitySights App */ = {
			isa = PBXGroup;
			children = (
				3BAE65E32B2801A4000E0C21 /* Helper */,
				3B1A0D422B215CE700EC6DE1 /* Models */,
				3B1A0D412B20516F00EC6DE1 /* CitySights-App-Info.plist */,
				3B1A0D402B2050C500EC6DE1 /* Config.xcconfig */,
				3BA9E7E62B20256F0061CC29 /* CitySights_AppApp.swift */,
				3BA9E7E82B20256F0061CC29 /* ContentView.swift */,
				3B1A0D3E2B204BBD00EC6DE1 /* DataService.swift */,
				3BA9E7EA2B2025700061CC29 /* Assets.xcassets */,
				3BA9E7EC2B2025700061CC29 /* Preview Content */,
				3BAE65E62B2805CC000E0C21 /* BusinessDetailView.swift */,
			);
			path = "CitySights App";
			sourceTree = "<group>";
		};
		3BA9E7EC2B2025700061CC29 /* Preview Content */ = {
			isa = PBXGroup;
			children = (
				3BA9E7ED2B2025700061CC29 /* Preview Assets.xcassets */,
			);
			path = "Preview Content";
			sourceTree = "<group>";
		};
		3BAE65E32B2801A4000E0C21 /* Helper */ = {
			isa = PBXGroup;
			children = (
				3BAE65E42B2801CD000E0C21 /* TextHelper.swift */,
			);
			name = Helper;
			path = Models/Helper;
			sourceTree = "<group>";
		};
/* End PBXGroup section */

/* Begin PBXNativeTarget section */
		3BA9E7E22B20256F0061CC29 /* CitySights App */ = {
			isa = PBXNativeTarget;
			buildConfigurationList = 3BA9E7F12B2025700061CC29 /* Build configuration list for PBXNativeTarget "CitySights App" */;
			buildPhases = (
				3BA9E7DF2B20256F0061CC29 /* Sources */,
				3BA9E7E02B20256F0061CC29 /* Frameworks */,
				3BA9E7E12B20256F0061CC29 /* Resources */,
			);
			buildRules = (
			);
			dependencies = (
			);
			name = "CitySights App";
			productName = "CitySights App";
			productReference = 3BA9E7E32B20256F0061CC29 /* CitySights App.app */;
			productType = "com.apple.product-type.application";
		};
/* End PBXNativeTarget section */

/* Begin PBXProject section */
		3BA9E7DB2B20256F0061CC29 /* Project object */ = {
			isa = PBXProject;
			attributes = {
				BuildIndependentTargetsInParallel = 1;
				LastSwiftUpdateCheck = 1500;
				LastUpgradeCheck = 1500;
				TargetAttributes = {
					3BA9E7E22B20256F0061CC29 = {
						CreatedOnToolsVersion = 15.0.1;
					};
				};
			};
			buildConfigurationList = 3BA9E7DE2B20256F0061CC29 /* Build configuration list for PBXProject "CitySights App" */;
			compatibilityVersion = "Xcode 14.0";
			developmentRegion = en;
			hasScannedForEncodings = 0;
			knownRegions = (
				en,
				Base,
			);
			mainGroup = 3BA9E7DA2B20256F0061CC29;
			productRefGroup = 3BA9E7E42B20256F0061CC29 /* Products */;
			projectDirPath = "";
			projectRoot = "";
			targets = (
				3BA9E7E22B20256F0061CC29 /* CitySights App */,
			);
		};
/* End PBXProject section */

/* Begin PBXResourcesBuildPhase section */
		3BA9E7E12B20256F0061CC29 /* Resources */ = {
			isa = PBXResourcesBuildPhase;
			buildActionMask = 2147483647;
			files = (
				3BA9E7EE2B2025700061CC29 /* Preview Assets.xcassets in Resources */,
				3BA9E7EB2B2025700061CC29 /* Assets.xcassets in Resources */,
			);
			runOnlyForDeploymentPostprocessing = 0;
		};
/* End PBXResourcesBuildPhase section */

/* Begin PBXSourcesBuildPhase section */
		3BA9E7DF2B20256F0061CC29 /* Sources */ = {
			isa = PBXSourcesBuildPhase;
			buildActionMask = 2147483647;
			files = (
				3B1A0D3F2B204BBD00EC6DE1 /* DataService.swift in Sources */,
				3BAE65E72B2805CC000E0C21 /* BusinessDetailView.swift in Sources */,
				3B1A0D442B215CF800EC6DE1 /* BusinessSearch.swift in Sources */,
				3BAE65E52B2801CD000E0C21 /* TextHelper.swift in Sources */,
				3BA9E7E92B20256F0061CC29 /* ContentView.swift in Sources */,
				3BA9E7E72B20256F0061CC29 /* CitySights_AppApp.swift in Sources */,
			);
			runOnlyForDeploymentPostprocessing = 0;
		};
/* End PBXSourcesBuildPhase section */

/* Begin XCBuildConfiguration section */
		3BA9E7EF2B2025700061CC29 /* Debug */ = {
			isa = XCBuildConfiguration;
			baseConfigurationReference = 3B1A0D402B2050C500EC6DE1 /* Config.xcconfig */;
			buildSettings = {
				ALWAYS_SEARCH_USER_PATHS = NO;
				ASSETCATALOG_COMPILER_GENERATE_SWIFT_ASSET_SYMBOL_EXTENSIONS = YES;
				CLANG_ANALYZER_NONNULL = YES;
				CLANG_ANALYZER_NUMBER_OBJECT_CONVERSION = YES_AGGRESSIVE;
				CLANG_CXX_LANGUAGE_STANDARD = "gnu++20";
				CLANG_ENABLE_MODULES = YES;
				CLANG_ENABLE_OBJC_ARC = YES;
				CLANG_ENABLE_OBJC_WEAK = YES;
				CLANG_WARN_BLOCK_CAPTURE_AUTORELEASING = YES;
				CLANG_WARN_BOOL_CONVERSION = YES;
				CLANG_WARN_COMMA = YES;
				CLANG_WARN_CONSTANT_CONVERSION = YES;
				CLANG_WARN_DEPRECATED_OBJC_IMPLEMENTATIONS = YES;
				CLANG_WARN_DIRECT_OBJC_ISA_USAGE = YES_ERROR;
				CLANG_WARN_DOCUMENTATION_COMMENTS = YES;
				CLANG_WARN_EMPTY_BODY = YES;
				CLANG_WARN_ENUM_CONVERSION = YES;
				CLANG_WARN_INFINITE_RECURSION = YES;
				CLANG_WARN_INT_CONVERSION = YES;
				CLANG_WARN_NON_LITERAL_NULL_CONVERSION = YES;
				CLANG_WARN_OBJC_IMPLICIT_RETAIN_SELF = YES;
				CLANG_WARN_OBJC_LITERAL_CONVERSION = YES;
				CLANG_WARN_OBJC_ROOT_CLASS = YES_ERROR;
				CLANG_WARN_QUOTED_INCLUDE_IN_FRAMEWORK_HEADER = YES;
				CLANG_WARN_RANGE_LOOP_ANALYSIS = YES;
				CLANG_WARN_STRICT_PROTOTYPES = YES;
				CLANG_WARN_SUSPICIOUS_MOVE = YES;
				CLANG_WARN_UNGUARDED_AVAILABILITY = YES_AGGRESSIVE;
				CLANG_WARN_UNREACHABLE_CODE = YES;
				CLANG_WARN__DUPLICATE_METHOD_MATCH = YES;
				COPY_PHASE_STRIP = NO;
				DEBUG_INFORMATION_FORMAT = dwarf;
				ENABLE_STRICT_OBJC_MSGSEND = YES;
				ENABLE_TESTABILITY = YES;
				ENABLE_USER_SCRIPT_SANDBOXING = YES;
				GCC_C_LANGUAGE_STANDARD = gnu17;
				GCC_DYNAMIC_NO_PIC = NO;
				GCC_NO_COMMON_BLOCKS = YES;
				GCC_OPTIMIZATION_LEVEL = 0;
				GCC_PREPROCESSOR_DEFINITIONS = (
					"DEBUG=1",
					"$(inherited)",
				);
				GCC_WARN_64_TO_32_BIT_CONVERSION = YES;
				GCC_WARN_ABOUT_RETURN_TYPE = YES_ERROR;
				GCC_WARN_UNDECLARED_SELECTOR = YES;
				GCC_WARN_UNINITIALIZED_AUTOS = YES_AGGRESSIVE;
				GCC_WARN_UNUSED_FUNCTION = YES;
				GCC_WARN_UNUSED_VARIABLE = YES;
				IPHONEOS_DEPLOYMENT_TARGET = 17.0;
				LOCALIZATION_PREFERS_STRING_CATALOGS = YES;
				MTL_ENABLE_DEBUG_INFO = INCLUDE_SOURCE;
				MTL_FAST_MATH = YES;
				ONLY_ACTIVE_ARCH = YES;
				SDKROOT = iphoneos;
				SWIFT_ACTIVE_COMPILATION_CONDITIONS = "DEBUG $(inherited)";
				SWIFT_OPTIMIZATION_LEVEL = "-Onone";
			};
			name = Debug;
		};
		3BA9E7F02B2025700061CC29 /* Release */ = {
			isa = XCBuildConfiguration;
			baseConfigurationReference = 3B1A0D402B2050C500EC6DE1 /* Config.xcconfig */;
			buildSettings = {
				ALWAYS_SEARCH_USER_PATHS = NO;
				ASSETCATALOG_COMPILER_GENERATE_SWIFT_ASSET_SYMBOL_EXTENSIONS = YES;
				CLANG_ANALYZER_NONNULL = YES;
				CLANG_ANALYZER_NUMBER_OBJECT_CONVERSION = YES_AGGRESSIVE;
				CLANG_CXX_LANGUAGE_STANDARD = "gnu++20";
				CLANG_ENABLE_MODULES = YES;
				CLANG_ENABLE_OBJC_ARC = YES;
				CLANG_ENABLE_OBJC_WEAK = YES;
				CLANG_WARN_BLOCK_CAPTURE_AUTORELEASING = YES;
				CLANG_WARN_BOOL_CONVERSION = YES;
				CLANG_WARN_COMMA = YES;
				CLANG_WARN_CONSTANT_CONVERSION = YES;
				CLANG_WARN_DEPRECATED_OBJC_IMPLEMENTATIONS = YES;
				CLANG_WARN_DIRECT_OBJC_ISA_USAGE = YES_ERROR;
				CLANG_WARN_DOCUMENTATION_COMMENTS = YES;
				CLANG_WARN_EMPTY_BODY = YES;
				CLANG_WARN_ENUM_CONVERSION = YES;
				CLANG_WARN_INFINITE_RECURSION = YES;
				CLANG_WARN_INT_CONVERSION = YES;
				CLANG_WARN_NON_LITERAL_NULL_CONVERSION = YES;
				CLANG_WARN_OBJC_IMPLICIT_RETAIN_SELF = YES;
				CLANG_WARN_OBJC_LITERAL_CONVERSION = YES;
				CLANG_WARN_OBJC_ROOT_CLASS = YES_ERROR;
				CLANG_WARN_QUOTED_INCLUDE_IN_FRAMEWORK_HEADER = YES;
				CLANG_WARN_RANGE_LOOP_ANALYSIS = YES;
				CLANG_WARN_STRICT_PROTOTYPES = YES;
				CLANG_WARN_SUSPICIOUS_MOVE = YES;
				CLANG_WARN_UNGUARDED_AVAILABILITY = YES_AGGRESSIVE;
				CLANG_WARN_UNREACHABLE_CODE = YES;
				CLANG_WARN__DUPLICATE_METHOD_MATCH = YES;
				COPY_PHASE_STRIP = NO;
				DEBUG_INFORMATION_FORMAT = "dwarf-with-dsym";
				ENABLE_NS_ASSERTIONS = NO;
				ENABLE_STRICT_OBJC_MSGSEND = YES;
				ENABLE_USER_SCRIPT_SANDBOXING = YES;
				GCC_C_LANGUAGE_STANDARD = gnu17;
				GCC_NO_COMMON_BLOCKS = YES;
				GCC_WARN_64_TO_32_BIT_CONVERSION = YES;
				GCC_WARN_ABOUT_RETURN_TYPE = YES_ERROR;
				GCC_WARN_UNDECLARED_SELECTOR = YES;
				GCC_WARN_UNINITIALIZED_AUTOS = YES_AGGRESSIVE;
				GCC_WARN_UNUSED_FUNCTION = YES;
				GCC_WARN_UNUSED_VARIABLE = YES;
				IPHONEOS_DEPLOYMENT_TARGET = 17.0;
				LOCALIZATION_PREFERS_STRING_CATALOGS = YES;
				MTL_ENABLE_DEBUG_INFO = NO;
				MTL_FAST_MATH = YES;
				SDKROOT = iphoneos;
				SWIFT_COMPILATION_MODE = wholemodule;
				VALIDATE_PRODUCT = YES;
			};
			name = Release;
		};
		3BA9E7F22B2025700061CC29 /* Debug */ = {
			isa = XCBuildConfiguration;
			buildSettings = {
				ASSETCATALOG_COMPILER_APPICON_NAME = AppIcon;
				ASSETCATALOG_COMPILER_GLOBAL_ACCENT_COLOR_NAME = AccentColor;
				CODE_SIGN_STYLE = Automatic;
				CURRENT_PROJECT_VERSION = 1;
				DEVELOPMENT_ASSET_PATHS = "\"CitySights App/Preview Content\"";
				DEVELOPMENT_TEAM = 2232269234;
				ENABLE_PREVIEWS = YES;
				GENERATE_INFOPLIST_FILE = YES;
				INFOPLIST_FILE = "CitySights-App-Info.plist";
				INFOPLIST_KEY_UIApplicationSceneManifest_Generation = YES;
				INFOPLIST_KEY_UIApplicationSupportsIndirectInputEvents = YES;
				INFOPLIST_KEY_UILaunchScreen_Generation = YES;
				INFOPLIST_KEY_UISupportedInterfaceOrientations_iPad = "UIInterfaceOrientationPortrait UIInterfaceOrientationPortraitUpsideDown UIInterfaceOrientationLandscapeLeft UIInterfaceOrientationLandscapeRight";
				INFOPLIST_KEY_UISupportedInterfaceOrientations_iPhone = "UIInterfaceOrientationPortrait UIInterfaceOrientationLandscapeLeft UIInterfaceOrientationLandscapeRight";
				LD_RUNPATH_SEARCH_PATHS = (
					"$(inherited)",
					"@executable_path/Frameworks",
				);
				MARKETING_VERSION = 1.0;
				PRODUCT_BUNDLE_IDENTIFIER = "bobbykiaie.CitySights-App";
				PRODUCT_NAME = "$(TARGET_NAME)";
				SWIFT_EMIT_LOC_STRINGS = YES;
				SWIFT_VERSION = 5.0;
				TARGETED_DEVICE_FAMILY = "1,2";
			};
			name = Debug;
		};
		3BA9E7F32B2025700061CC29 /* Release */ = {
			isa = XCBuildConfiguration;
			buildSettings = {
				ASSETCATALOG_COMPILER_APPICON_NAME = AppIcon;
				ASSETCATALOG_COMPILER_GLOBAL_ACCENT_COLOR_NAME = AccentColor;
				CODE_SIGN_STYLE = Automatic;
				CURRENT_PROJECT_VERSION = 1;
				DEVELOPMENT_ASSET_PATHS = "\"CitySights App/Preview Content\"";
				DEVELOPMENT_TEAM = 2232269234;
				ENABLE_PREVIEWS = YES;
				GENERATE_INFOPLIST_FILE = YES;
				INFOPLIST_FILE = "CitySights-App-Info.plist";
				INFOPLIST_KEY_UIApplicationSceneManifest_Generation = YES;
				INFOPLIST_KEY_UIApplicationSupportsIndirectInputEvents = YES;
				INFOPLIST_KEY_UILaunchScreen_Generation = YES;
				INFOPLIST_KEY_UISupportedInterfaceOrientations_iPad = "UIInterfaceOrientationPortrait UIInterfaceOrientationPortraitUpsideDown UIInterfaceOrientationLandscapeLeft UIInterfaceOrientationLandscapeRight";
				INFOPLIST_KEY_UISupportedInterfaceOrientations_iPhone = "UIInterfaceOrientationPortrait UIInterfaceOrientationLandscapeLeft UIInterfaceOrientationLandscapeRight";
				LD_RUNPATH_SEARCH_PATHS = (
					"$(inherited)",
					"@executable_path/Frameworks",
				);
				MARKETING_VERSION = 1.0;
				PRODUCT_BUNDLE_IDENTIFIER = "bobbykiaie.CitySights-App";
				PRODUCT_NAME = "$(TARGET_NAME)";
				SWIFT_EMIT_LOC_STRINGS = YES;
				SWIFT_VERSION = 5.0;
				TARGETED_DEVICE_FAMILY = "1,2";
			};
			name = Release;
		};
/* End XCBuildConfiguration section */

/* Begin XCConfigurationList section */
		3BA9E7DE2B20256F0061CC29 /* Build configuration list for PBXProject "CitySights App" */ = {
			isa = XCConfigurationList;
			buildConfigurations = (
				3BA9E7EF2B2025700061CC29 /* Debug */,
				3BA9E7F02B2025700061CC29 /* Release */,
			);
			defaultConfigurationIsVisible = 0;
			defaultConfigurationName = Release;
		};
		3BA9E7F12B2025700061CC29 /* Build configuration list for PBXNativeTarget "CitySights App" */ = {
			isa = XCConfigurationList;
			buildConfigurations = (
				3BA9E7F22B2025700061CC29 /* Debug */,
				3BA9E7F32B2025700061CC29 /* Release */,
			);
			defaultConfigurationIsVisible = 0;
			defaultConfigurationName = Release;
		};
/* End XCConfigurationList section */
	};
	rootObject = 3BA9E7DB2B20256F0061CC29 /* Project object */;
}
